github.com/pkg/errors v0.9.1 h1:FEBLx1zS214owpjy7qsBeixbURkuhQAwrK5UwLGTwt4=
github.com/pkg/errors v0.9.1/go.mod h1:bwawxfHBFNV+L2hUp1rHADufV3IMtnDRdf1r5NINEl0=
github.com/strongo/dalgo v0.0.0-20211002094737-6e2c0c904cb4 h1:hG8F7OpMrE58uWtlk1AuI2dPPRJNcLnM2IEZ66dZn/w=
github.com/strongo/dalgo v0.0.0-20211002094737-6e2c0c904cb4/go.mod h1:2cen3Tk4Vjn+HTs42sZykv9RakPi4jOhbTRVqJ83yqQ=
github.com/strongo/dalgo v0.0.0-20211002100542-c5918de61433 h1:4W4gn+LoOnmZ3UxDpSE3sMBBuLeJREx5dGXYoL+uE60=
github.com/strongo/dalgo v0.0.0-20211002100542-c5918de61433/go.mod h1:2cen3Tk4Vjn+HTs42sZykv9RakPi4jOhbTRVqJ83yqQ=
github.com/strongo/dalgo v0.0.0-20211002101614-6f9b5accd826 h1:kWw0zoaICIq67+Uw6Fr2Nz0YArKuTbKMWduEgxspbBM=
github.com/strongo/dalgo v0.0.0-20211002101614-6f9b5accd826/go.mod h1:2cen3Tk4Vjn+HTs42sZykv9RakPi4jOhbTRVqJ83yqQ=
github.com/strongo/dalgo v0.0.0-20211002102354-cc36e0d592dc h1:VxtU80/Qn+hWOvYK6NfBF+wU66C8J8HVMaCOEa6RKnI=
github.com/strongo/dalgo v0.0.0-20211002102354-cc36e0d592dc/go.mod h1:2cen3Tk4Vjn+HTs42sZykv9RakPi4jOhbTRVqJ83yqQ=
github.com/strongo/dalgo v0.0.0-20211002102736-4820fcc6a8f3 h1:fmO0uGWKdIVy0acuUZ8pUK8KkS0mOXhjIHZMDyqjfQQ=
github.com/strongo/dalgo v0.0.0-20211002102736-4820fcc6a8f3/go.mod h1:2cen3Tk4Vjn+HTs42sZykv9RakPi4jOhbTRVqJ83yqQ=
github.com/strongo/dalgo v0.0.0-20211003013019-6c771c3da4b5 h1:s0x7HhTjiEhIsXbQV96vGGflHW3j9W56KOgCskO35jE=
github.com/strongo/dalgo v0.0.0-20211003013019-6c771c3da4b5/go.mod h1:2cen3Tk4Vjn+HTs42sZykv9RakPi4jOhbTRVqJ83yqQ=
github.com/strongo/dalgo-end2end-tests v0.0.0-20211002095754-afd7fd6afcf8 h1:QbvVeJxm4aOJcue/nCtAGhrFjTDwaFfhQDYnbr2seI8=
github.com/strongo/dalgo-end2end-tests v0.0.0-20211002095754-afd7fd6afcf8/go.mod h1:LMu0dpu8jhKcTPY8XbLhigD4ksmA0BlSRmhtfUo7aZI=
github.com/strongo/dalgo-end2end-tests v0.0.0-20211002100648-54f50e6150db h1:+gRcAMfFC4eVnypnaO7EMevjw4hb51i4pWmZS/jkCxo=
github.com/strongo/dalgo-end2end-tests v0.0.0-20211002100648-54f50e6150db/go.mod h1:xc18/FD4Y1drCYrYEMTFSpy6gcSV0gJSKyeNanutGHg=
github.com/strongo/dalgo-end2end-tests v0.0.0-20211002101655-58c036c3fb7f h1:RAw2FlTD88thOhUZ8pEwGo+jRJDysGDETf7hyjHRoxU=
github.com/strongo/dalgo-end2end-tests v0.0.0-20211002101655-58c036c3fb7f/go.mod h1:4WqSFOvsR1x155PN4OrRFifqWDTRGO8aRu4vskGaA8Y=
github.com/strongo/dalgo-end2end-tests v0.0.0-20211002101931-87e2d544a244 h1:Sg0x8a94dLP3FdiM3Itk70x16RO8xGfNrQl3TksVbaw=
github.com/strongo/dalgo-end2end-tests v0.0.0-20211002101931-87e2d544a244/go.mod h1:4WqSFOvsR1x155PN4OrRFifqWDTRGO8aRu4vskGaA8Y=
github.com/strongo/dalgo-end2end-tests v0.0.0-20211002102509-fbcb2f6bed57 h1:ntd5Z9lcGkmkWRwjiXEzXOlXHoSKMSIntN2yReFuGeQ=
github.com/strongo/dalgo-end2end-tests v0.0.0-20211002102509-fbcb2f6bed57/go.mod h1:1rs3UXGnUp7IIxOWvkK3811tin6ew/XqGVQPjTzjpkg=
github.com/strongo/dalgo-end2end-tests v0.0.0-20211002102821-69933b08e712 h1:eChQZf5YrXcFKjinONFIR/J5vZyMd8ucdcGv8PlVVLE=
github.com/strongo/dalgo-end2end-tests v0.0.0-20211002102821-69933b08e712/go.mod h1:+/HOsc/YxCuajj1wdfPAJvW68TPdoWMRQyyJjrjo1tM=
github.com/strongo/dalgo-end2end-tests v0.0.0-20211002104847-05847e717ea3 h1:22Kl1349hKV0fDiHn2PWWPug9eFcgLKeaa/NGBeVrjE=
github.com/strongo/dalgo-end2end-tests v0.0.0-20211002104847-05847e717ea3/go.mod h1:+/HOsc/YxCuajj1wdfPAJvW68TPdoWMRQyyJjrjo1tM=
github.com/strongo/dalgo-end2end-tests v0.0.0-20211002134949-73c825090ceb h1:xWcTEVWwOE0brC2hORG0/eX4ZZo3D87SlC69lCb2krw=
github.com/strongo/dalgo-end2end-tests v0.0.0-20211002134949-73c825090ceb/go.mod h1:+/HOsc/YxCuajj1wdfPAJvW68TPdoWMRQyyJjrjo1tM=
github.com/strongo/random v0.0.0-20201120164511-f20cfe28165d h1:I8qa7ggQ5RT+hO5gTTaBtS8ZEvbsBIik//AdM4dZL4g=
github.com/strongo/random v0.0.0-20201120164511-f20cfe28165d/go.mod h1:b5FiRTvklOIQI/iX+4qfwtK7Jrs+9KTZFn1dP9iX26o=
github.com/strongo/validation v0.0.0-20210908182457-7acc8bdbeffd h1:hvHVKVARPjItp1EQxTk0v3SxE8fICA3n0s2iVeejhOU=
github.com/strongo/validation v0.0.0-20210908182457-7acc8bdbeffd/go.mod h1:X1c1hPVXIUbKlyRrU/WSKKnbA1C0dLv7w7xOfeoL0iI=
github.com/tidwall/btree v0.6.0 h1:JLYAFGV+1gjyFi3iQbO/fupBin+Ooh7dxqVV0twJ1Bo=
github.com/tidwall/btree v0.6.0/go.mod h1:TzIRzen6yHbibdSfK6t8QimqbUnoxUSrZfeW7Uob0q4=
github.com/tidwall/buntdb v1.2.6 h1:eS0QSmzHfCKjxxYGh8eH6wnK5VLsJ7UjyyIr29JmnEg=
github.com/tidwall/buntdb v1.2.6/go.mod h1:zpXqlA5D2772I4cTqV3ifr2AZihDgi8FV7xAQu6edfc=
github.com/tidwall/gjson v1.8.0 h1:Qt+orfosKn0rbNTZqHYDqBrmm3UDA4KRkv70fDzG+PQ=
github.com/tidwall/gjson v1.8.0/go.mod h1:5/xDoumyyDNerp2U36lyolv46b3uF/9Bu6OfyQ9GImk=
github.com/tidwall/grect v0.1.2 h1:wKVeQVZhjaFCKTTlpkDe3Ex4ko3cMGW3MRKawRe8uQ4=
github.com/tidwall/grect v0.1.2/go.mod h1:v+n4ewstPGduVJebcp5Eh2WXBJBumNzyhK8GZt4gHNw=
github.com/tidwall/lotsa v1.0.2 h1:dNVBH5MErdaQ/xd9s769R31/n2dXavsQ0Yf4TMEHHw8=
github.com/tidwall/lotsa v1.0.2/go.mod h1:X6NiU+4yHA3fE3Puvpnn1XMDrFZrE9JO2/w+UMuqgR8=
github.com/tidwall/match v1.0.3 h1:FQUVvBImDutD8wJLN6c5eMzWtjgONK9MwIBCOrUJKeE=
github.com/tidwall/match v1.0.3/go.mod h1:eRSPERbgtNPcGhD8UCthc6PmLEQXEWd3PRB5JTxsfmM=
github.com/tidwall/pretty v1.1.0 h1:K3hMW5epkdAVwibsQEfR/7Zj0Qgt4DxtNumTq/VloO8=
github.com/tidwall/pretty v1.1.0/go.mod h1:XNkn88O1ChpSDQmQeStsy+sBenx6DDtFZJxhVysOjyk=
github.com/tidwall/rtred v0.1.2 h1:exmoQtOLvDoO8ud++6LwVsAMTu0KPzLTUrMln8u1yu8=
github.com/tidwall/rtred v0.1.2/go.mod h1:hd69WNXQ5RP9vHd7dqekAz+RIdtfBogmglkZSRxCHFQ=
github.com/tidwall/tinyqueue v0.1.1 h1:SpNEvEggbpyN5DIReaJ2/1ndroY8iyEGxPYxoSaymYE=
github.com/tidwall/tinyqueue v0.1.1/go.mod h1:O/QNHwrnjqr6IHItYrzoHAKYhBkLI67Q096fQP5zMYw=
golang.org/x/crypto v0.0.0-20190308221718-c2843e01d9a2/go.mod h1:djNgcEr1/C05ACkg1iLfiJU5Ep61QUkGW8qpdssI0+w=
golang.org/x/crypto v0.0.0-20191011191535-87dc89f01550/go.mod h1:yigFU9vqHzYiE8UmvKecakEJjdnWj3jj499lnFckfCI=
golang.org/x/lint v0.0.0-20210508222113-6edffad5e616 h1:VLliZ0d+/avPrXXH+OakdXhpJuEoBZuwh1m2j7U6Iug=
golang.org/x/lint v0.0.0-20210508222113-6edffad5e616/go.mod h1:3xt1FjdF8hUf6vQPIChWIBhFzV8gjjsPE/fR3IyQdNY=
golang.org/x/mod v0.1.1-0.20191105210325-c90efee705ee/go.mod h1:QqPTAvyqsEbceGzBzNggFXnrqF1CaUcvgkdR5Ot7KZg=
golang.org/x/net v0.0.0-20190404232315-eb5bcb51f2a3/go.mod h1:t9HGtf8HONx5eT2rtn7q6eTqICYqUVnKs3thJo3Qplg=
golang.org/x/net v0.0.0-20190620200207-3b0461eec859/go.mod h1:z5CRVTTTmAJ677TzLLGU+0bjPO0LkuOLi4/5GtJWs/s=
golang.org/x/sync v0.0.0-20190423024810-112230192c58/go.mod h1:RxMgew5VJxzue5/jJTE5uejpjVlOe/izrB70Jof72aM=
golang.org/x/sys v0.0.0-20190215142949-d0b11bdaac8a/go.mod h1:STP8DvDyc/dI5b8T5hshtkjS+E42TnysNCUPdjciGhY=
golang.org/x/sys v0.0.0-20190412213103-97732733099d/go.mod h1:h1NjWce9XRLGQEsW7wpKNCjG9DtNlClVuFLEZdDNbEs=
golang.org/x/text v0.3.0/go.mod h1:NqM8EUOU14njkJ3fqMW+pc6Ldnwhi/IjpwHt7yyuwOQ=
golang.org/x/tools v0.0.0-20200130002326-2f3ba24bd6e7 h1:EBZoQjiKKPaLbPrbpssUfuHtwM6KV/vb4U85g/cigFY=
golang.org/x/tools v0.0.0-20200130002326-2f3ba24bd6e7/go.mod h1:TB2adYChydJhpapKDTa4BR/hXlZSLoq2Wpct/0txZ28=
golang.org/x/xerrors v0.0.0-20191011141410-1b5146add898/go.mod h1:I/5z698sn9Ka8TeJc9MKroUUfqBBauWjQqLJ2OPfmY0=
