github.com/pkg/errors v0.9.1 h1:FEBLx1zS214owpjy7qsBeixbURkuhQAwrK5UwLGTwt4=
github.com/pkg/errors v0.9.1/go.mod h1:bwawxfHBFNV+L2hUp1rHADufV3IMtnDRdf1r5NINEl0=
github.com/strongo/dalgo v0.0.0-20210920215807-e7e49b088559 h1:xtV8kJV4BbtMls/OjQDQuhUl4F0gPfm2hZlk2B+denM=
github.com/strongo/dalgo v0.0.0-20210920215807-e7e49b088559/go.mod h1:2cen3Tk4Vjn+HTs42sZykv9RakPi4jOhbTRVqJ83yqQ=
github.com/strongo/dalgo v0.0.0-20210926080724-4b643a5605b0 h1:B/LdpcrLgpOxhEHgaqPSb3JJPWnzwUJW/+Tfe1ctM8Y=
github.com/strongo/dalgo v0.0.0-20210926080724-4b643a5605b0/go.mod h1:2cen3Tk4Vjn+HTs42sZykv9RakPi4jOhbTRVqJ83yqQ=
github.com/strongo/dalgo v0.0.0-20210927212446-e35c33a9346a h1:1UZbqCLZEJ8lAAXL4/AqSijDqzBb/eT9SM5G8CtOs80=
github.com/strongo/dalgo v0.0.0-20210927212446-e35c33a9346a/go.mod h1:2cen3Tk4Vjn+HTs42sZykv9RakPi4jOhbTRVqJ83yqQ=
github.com/strongo/dalgo v0.0.0-20210927213715-850f19986a34 h1:UOXYSeTFoEOqU+PFn9Lza/I3pLV2oI7M73Cms8Pqx4M=
github.com/strongo/dalgo v0.0.0-20210927213715-850f19986a34/go.mod h1:2cen3Tk4Vjn+HTs42sZykv9RakPi4jOhbTRVqJ83yqQ=
github.com/strongo/dalgo-end2end-tests v0.0.0-20210925085220-a3f271e5fe77 h1:ByMteSg1z3L7nKjyqoBGgBkM9p40CYP+nlQS9bMT958=
github.com/strongo/dalgo-end2end-tests v0.0.0-20210925085220-a3f271e5fe77/go.mod h1:EVJhuW7B6Rx5b+celEzhnpJXxLI7Vt3biFATSQjGdE8=
github.com/strongo/dalgo-end2end-tests v0.0.0-20210926193654-4dd1486902df h1:Ztdv6HXFmXWf0qK62vKixknBpiAZxqn1fi5VMEdmu7E=
github.com/strongo/dalgo-end2end-tests v0.0.0-20210926193654-4dd1486902df/go.mod h1:EVJhuW7B6Rx5b+celEzhnpJXxLI7Vt3biFATSQjGdE8=
github.com/strongo/dalgo-end2end-tests v0.0.0-20210927194514-989d71e7f2af h1:aP1UZB8JNmtB4ww0PlUVSlyejl+pRrbzjybfIXrBxzA=
github.com/strongo/dalgo-end2end-tests v0.0.0-20210927194514-989d71e7f2af/go.mod h1:EVJhuW7B6Rx5b+celEzhnpJXxLI7Vt3biFATSQjGdE8=
github.com/strongo/dalgo-end2end-tests v0.0.0-20210927211509-9c278e914023 h1:wVDFjniMWkbH5yR71W1hmIDD2ayUGdvV/AIWTx7vZZg=
github.com/strongo/dalgo-end2end-tests v0.0.0-20210927211509-9c278e914023/go.mod h1:EVJhuW7B6Rx5b+celEzhnpJXxLI7Vt3biFATSQjGdE8=
github.com/strongo/dalgo-end2end-tests v0.0.0-20210927211821-d85397fe03e6 h1:VTrZyu41qvudUYBbXo2b8okxxkHcTIeZR7rp+CTvokc=
github.com/strongo/dalgo-end2end-tests v0.0.0-20210927211821-d85397fe03e6/go.mod h1:EVJhuW7B6Rx5b+celEzhnpJXxLI7Vt3biFATSQjGdE8=
github.com/strongo/dalgo-end2end-tests v0.0.0-20210927212540-caacb5793379 h1:gHPVrxoTRUtHfqm/y4gRhMsn3cx1zK/2SMDJKyQ6Q7A=
github.com/strongo/dalgo-end2end-tests v0.0.0-20210927212540-caacb5793379/go.mod h1:Za0RP90g4kJM8UTpJLLtfaGWXiKdS/XSVp0HPjK7uF8=
github.com/strongo/dalgo-end2end-tests v0.0.0-20210927213832-51384823c0d3 h1:bVZbdY4NGOaK9K4x2acYHfsyEEzJwpVqrr6KCqwlQ7M=
github.com/strongo/dalgo-end2end-tests v0.0.0-20210927213832-51384823c0d3/go.mod h1:5GiOkHuVwN/uZ2gW1pPBRAsl984ehZfYIsy1NOLkZ0A=
github.com/strongo/dalgo-end2end-tests v0.0.0-20210927214356-35c0de9ea971 h1:HT6zspK2rrm8N806ItJD4I1yYvijpWV7liJX4JIGxT0=
github.com/strongo/dalgo-end2end-tests v0.0.0-20210927214356-35c0de9ea971/go.mod h1:5GiOkHuVwN/uZ2gW1pPBRAsl984ehZfYIsy1NOLkZ0A=
github.com/strongo/dalgo-end2end-tests v0.0.0-20210927214736-0bb88fe0b597 h1:EBjw0qazKq594MgztTkSxQffn9g8OXfpnEyhHOTfasM=
github.com/strongo/dalgo-end2end-tests v0.0.0-20210927214736-0bb88fe0b597/go.mod h1:5GiOkHuVwN/uZ2gW1pPBRAsl984ehZfYIsy1NOLkZ0A=
github.com/strongo/dalgo-end2end-tests v0.0.0-20210927215026-a2a32f12cc33 h1:LbiG+6GF16fbTyoEOevyxFPUMrlQ7SuzEPnQqU566Ww=
github.com/strongo/dalgo-end2end-tests v0.0.0-20210927215026-a2a32f12cc33/go.mod h1:5GiOkHuVwN/uZ2gW1pPBRAsl984ehZfYIsy1NOLkZ0A=
github.com/strongo/dalgo-end2end-tests v0.0.0-20210927215225-6ec7bac28fb8 h1:AB2leXXD5zz9lbo0lMCzyoHBLuhjq37qykPbj4d360k=
github.com/strongo/dalgo-end2end-tests v0.0.0-20210927215225-6ec7bac28fb8/go.mod h1:5GiOkHuVwN/uZ2gW1pPBRAsl984ehZfYIsy1NOLkZ0A=
github.com/strongo/dalgo-end2end-tests v0.0.0-20210927215403-e9d0f58a2617 h1:Ozas4I33x/DiOBPnpVLICgWl+XHfBmsLiQQfMovIBGM=
github.com/strongo/dalgo-end2end-tests v0.0.0-20210927215403-e9d0f58a2617/go.mod h1:5GiOkHuVwN/uZ2gW1pPBRAsl984ehZfYIsy1NOLkZ0A=
github.com/strongo/dalgo-end2end-tests v0.0.0-20210927215501-864ba964182c h1:T4ZKfjbHRy08faaJAAllL9VqP6+GoU7bNUJm0jlcOMI=
github.com/strongo/dalgo-end2end-tests v0.0.0-20210927215501-864ba964182c/go.mod h1:5GiOkHuVwN/uZ2gW1pPBRAsl984ehZfYIsy1NOLkZ0A=
github.com/strongo/dalgo-end2end-tests v0.0.0-20210927220917-d1ae3f63f364 h1:uX0di+5FHrFZFjzQU6GFMsFw+6EbyoX5OU5vLEo5P/w=
github.com/strongo/dalgo-end2end-tests v0.0.0-20210927220917-d1ae3f63f364/go.mod h1:5GiOkHuVwN/uZ2gW1pPBRAsl984ehZfYIsy1NOLkZ0A=
github.com/strongo/random v0.0.0-20201120164511-f20cfe28165d h1:I8qa7ggQ5RT+hO5gTTaBtS8ZEvbsBIik//AdM4dZL4g=
github.com/strongo/random v0.0.0-20201120164511-f20cfe28165d/go.mod h1:b5FiRTvklOIQI/iX+4qfwtK7Jrs+9KTZFn1dP9iX26o=
github.com/strongo/validation v0.0.0-20210908182457-7acc8bdbeffd h1:hvHVKVARPjItp1EQxTk0v3SxE8fICA3n0s2iVeejhOU=
github.com/strongo/validation v0.0.0-20210908182457-7acc8bdbeffd/go.mod h1:X1c1hPVXIUbKlyRrU/WSKKnbA1C0dLv7w7xOfeoL0iI=
github.com/tidwall/btree v0.6.0 h1:JLYAFGV+1gjyFi3iQbO/fupBin+Ooh7dxqVV0twJ1Bo=
github.com/tidwall/btree v0.6.0/go.mod h1:TzIRzen6yHbibdSfK6t8QimqbUnoxUSrZfeW7Uob0q4=
github.com/tidwall/buntdb v1.2.6 h1:eS0QSmzHfCKjxxYGh8eH6wnK5VLsJ7UjyyIr29JmnEg=
github.com/tidwall/buntdb v1.2.6/go.mod h1:zpXqlA5D2772I4cTqV3ifr2AZihDgi8FV7xAQu6edfc=
github.com/tidwall/gjson v1.8.0 h1:Qt+orfosKn0rbNTZqHYDqBrmm3UDA4KRkv70fDzG+PQ=
github.com/tidwall/gjson v1.8.0/go.mod h1:5/xDoumyyDNerp2U36lyolv46b3uF/9Bu6OfyQ9GImk=
github.com/tidwall/grect v0.1.2 h1:wKVeQVZhjaFCKTTlpkDe3Ex4ko3cMGW3MRKawRe8uQ4=
github.com/tidwall/grect v0.1.2/go.mod h1:v+n4ewstPGduVJebcp5Eh2WXBJBumNzyhK8GZt4gHNw=
github.com/tidwall/lotsa v1.0.2 h1:dNVBH5MErdaQ/xd9s769R31/n2dXavsQ0Yf4TMEHHw8=
github.com/tidwall/lotsa v1.0.2/go.mod h1:X6NiU+4yHA3fE3Puvpnn1XMDrFZrE9JO2/w+UMuqgR8=
github.com/tidwall/match v1.0.3 h1:FQUVvBImDutD8wJLN6c5eMzWtjgONK9MwIBCOrUJKeE=
github.com/tidwall/match v1.0.3/go.mod h1:eRSPERbgtNPcGhD8UCthc6PmLEQXEWd3PRB5JTxsfmM=
github.com/tidwall/pretty v1.1.0 h1:K3hMW5epkdAVwibsQEfR/7Zj0Qgt4DxtNumTq/VloO8=
github.com/tidwall/pretty v1.1.0/go.mod h1:XNkn88O1ChpSDQmQeStsy+sBenx6DDtFZJxhVysOjyk=
github.com/tidwall/rtred v0.1.2 h1:exmoQtOLvDoO8ud++6LwVsAMTu0KPzLTUrMln8u1yu8=
github.com/tidwall/rtred v0.1.2/go.mod h1:hd69WNXQ5RP9vHd7dqekAz+RIdtfBogmglkZSRxCHFQ=
github.com/tidwall/tinyqueue v0.1.1 h1:SpNEvEggbpyN5DIReaJ2/1ndroY8iyEGxPYxoSaymYE=
github.com/tidwall/tinyqueue v0.1.1/go.mod h1:O/QNHwrnjqr6IHItYrzoHAKYhBkLI67Q096fQP5zMYw=
golang.org/x/crypto v0.0.0-20190308221718-c2843e01d9a2/go.mod h1:djNgcEr1/C05ACkg1iLfiJU5Ep61QUkGW8qpdssI0+w=
golang.org/x/crypto v0.0.0-20191011191535-87dc89f01550/go.mod h1:yigFU9vqHzYiE8UmvKecakEJjdnWj3jj499lnFckfCI=
golang.org/x/lint v0.0.0-20210508222113-6edffad5e616 h1:VLliZ0d+/avPrXXH+OakdXhpJuEoBZuwh1m2j7U6Iug=
golang.org/x/lint v0.0.0-20210508222113-6edffad5e616/go.mod h1:3xt1FjdF8hUf6vQPIChWIBhFzV8gjjsPE/fR3IyQdNY=
golang.org/x/mod v0.1.1-0.20191105210325-c90efee705ee/go.mod h1:QqPTAvyqsEbceGzBzNggFXnrqF1CaUcvgkdR5Ot7KZg=
golang.org/x/net v0.0.0-20190404232315-eb5bcb51f2a3/go.mod h1:t9HGtf8HONx5eT2rtn7q6eTqICYqUVnKs3thJo3Qplg=
golang.org/x/net v0.0.0-20190620200207-3b0461eec859/go.mod h1:z5CRVTTTmAJ677TzLLGU+0bjPO0LkuOLi4/5GtJWs/s=
golang.org/x/sync v0.0.0-20190423024810-112230192c58/go.mod h1:RxMgew5VJxzue5/jJTE5uejpjVlOe/izrB70Jof72aM=
golang.org/x/sys v0.0.0-20190215142949-d0b11bdaac8a/go.mod h1:STP8DvDyc/dI5b8T5hshtkjS+E42TnysNCUPdjciGhY=
golang.org/x/sys v0.0.0-20190412213103-97732733099d/go.mod h1:h1NjWce9XRLGQEsW7wpKNCjG9DtNlClVuFLEZdDNbEs=
golang.org/x/text v0.3.0/go.mod h1:NqM8EUOU14njkJ3fqMW+pc6Ldnwhi/IjpwHt7yyuwOQ=
golang.org/x/tools v0.0.0-20200130002326-2f3ba24bd6e7 h1:EBZoQjiKKPaLbPrbpssUfuHtwM6KV/vb4U85g/cigFY=
golang.org/x/tools v0.0.0-20200130002326-2f3ba24bd6e7/go.mod h1:TB2adYChydJhpapKDTa4BR/hXlZSLoq2Wpct/0txZ28=
golang.org/x/xerrors v0.0.0-20191011141410-1b5146add898/go.mod h1:I/5z698sn9Ka8TeJc9MKroUUfqBBauWjQqLJ2OPfmY0=
